
Microsoft Visual Studio Solution File, Format Version 12.00
# Visual Studio Version 17
VisualStudioVersion = 17.9.34723.18
MinimumVisualStudioVersion = 10.0.40219.1
Project("{FAE04EC0-301F-11D3-BF4B-00C04F79EFBC}") = "Praktika08.04", "Praktika08.04.csproj", "{7EAAC917-1746-4387-9546-D018AC099813}"
EndProject
Global
	GlobalSection(SolutionConfigurationPlatforms) = preSolution
		Debug|Any CPU = Debug|Any CPU
		Release|Any CPU = Release|Any CPU
	EndGlobalSection
	GlobalSection(ProjectConfigurationPlatforms) = postSolution
		{7EAAC917-1746-4387-9546-D018AC099813}.Debug|Any CPU.ActiveCfg = Debug|Any CPU
		{7EAAC917-1746-4387-9546-D018AC099813}.Debug|Any CPU.Build.0 = Debug|Any CPU
		{7EAAC917-1746-4387-9546-D018AC099813}.Release|Any CPU.ActiveCfg = Release|Any CPU
		{7EAAC917-1746-4387-9546-D018AC099813}.Release|Any CPU.Build.0 = Release|Any CPU
	EndGlobalSection
	GlobalSection(SolutionProperties) = preSolution
		HideSolutionNode = FALSE
	EndGlobalSection
	GlobalSection(ExtensibilityGlobals) = postSolution
		SolutionGuid = {4DE0711E-5478-41F1-B2BF-DCEA0CF1D187}
	EndGlobalSection
EndGlobal
